
Microsoft Visual Studio Solution File, Format Version 12.00
# Visual Studio 15
VisualStudioVersion = 15.0.27130.2036
MinimumVisualStudioVersion = 10.0.40219.1
Project("{FAE04EC0-301F-11D3-BF4B-00C04F79EFBC}") = "DetectHappyFaces", "DetectHappyFaces\DetectHappyFaces.csproj", "{EA9F7EB8-F55F-41E8-B0F0-9E761FA3B999}"
EndProject
Global
	GlobalSection(SolutionConfigurationPlatforms) = preSolution
		Debug|Any CPU = Debug|Any CPU
		Release|Any CPU = Release|Any CPU
	EndGlobalSection
	GlobalSection(ProjectConfigurationPlatforms) = postSolution
		{EA9F7EB8-F55F-41E8-B0F0-9E761FA3B999}.Debug|Any CPU.ActiveCfg = Debug|Any CPU
		{EA9F7EB8-F55F-41E8-B0F0-9E761FA3B999}.Debug|Any CPU.Build.0 = Debug|Any CPU
		{EA9F7EB8-F55F-41E8-B0F0-9E761FA3B999}.Release|Any CPU.ActiveCfg = Release|Any CPU
		{EA9F7EB8-F55F-41E8-B0F0-9E761FA3B999}.Release|Any CPU.Build.0 = Release|Any CPU
	EndGlobalSection
	GlobalSection(SolutionProperties) = preSolution
		HideSolutionNode = FALSE
	EndGlobalSection
	GlobalSection(ExtensibilityGlobals) = postSolution
		SolutionGuid = {DBA5E8C5-5900-48E7-98E9-79811133108E}
	EndGlobalSection
EndGlobal
